
Microsoft Visual Studio Solution File, Format Version 12.00
# Visual Studio Version 17
VisualStudioVersion = 17.5.33530.505
MinimumVisualStudioVersion = 10.0.40219.1
Project("{FAE04EC0-301F-11D3-BF4B-00C04F79EFBC}") = "MyLeasing.Common", "MyLeasing.Common\MyLeasing.Common.csproj", "{C1AFD020-A0EF-4DF4-AD41-DB69BF3951AF}"
EndProject
Global
	GlobalSection(SolutionConfigurationPlatforms) = preSolution
		Debug|Any CPU = Debug|Any CPU
		Release|Any CPU = Release|Any CPU
	EndGlobalSection
	GlobalSection(ProjectConfigurationPlatforms) = postSolution
		{C1AFD020-A0EF-4DF4-AD41-DB69BF3951AF}.Debug|Any CPU.ActiveCfg = Debug|Any CPU
		{C1AFD020-A0EF-4DF4-AD41-DB69BF3951AF}.Debug|Any CPU.Build.0 = Debug|Any CPU
		{C1AFD020-A0EF-4DF4-AD41-DB69BF3951AF}.Release|Any CPU.ActiveCfg = Release|Any CPU
		{C1AFD020-A0EF-4DF4-AD41-DB69BF3951AF}.Release|Any CPU.Build.0 = Release|Any CPU
	EndGlobalSection
	GlobalSection(SolutionProperties) = preSolution
		HideSolutionNode = FALSE
	EndGlobalSection
	GlobalSection(ExtensibilityGlobals) = postSolution
		SolutionGuid = {B0D3D58D-7A11-491B-AD5F-FB67F3957F33}
	EndGlobalSection
EndGlobal
